PODS:
  - R.swift (3.2.0):
    - R.swift.Library (~> 3.0.2)
  - R.swift.Library (3.0.2)
  - RxCocoa (3.4.0):
    - RxSwift (~> 3.4)
  - RxSwift (3.4.0)

DEPENDENCIES:
  - R.swift (~> 3.2.0)
  - RxCocoa (~> 3.4.0)
  - RxSwift (~> 3.4.0)

SPEC CHECKSUMS:
  R.swift: 207a372a2b5977caef440c696a368009460641d1
  R.swift.Library: fbdec16c9802ad104fc1ba53415dc190e6ec5c73
  RxCocoa: d14ef6b6029e1ddc6e966508c09289090de68ff9
  RxSwift: 3789a1af753002a14edecdb698a2424624296a9c

PODFILE CHECKSUM: 7bc9ce16188377585d62989c9985cdaaa42eee3f

COCOAPODS: 1.2.0
